
Microsoft Visual Studio Solution File, Format Version 12.00
# Visual Studio Version 16
VisualStudioVersion = 16.0.31410.357
MinimumVisualStudioVersion = 10.0.40219.1
Project("{FAE04EC0-301F-11D3-BF4B-00C04F79EFBC}") = "ConsoleApp1", "ConsoleApp1.csproj", "{975A0D81-05D7-4716-8C45-DB123DC089F8}"
EndProject
Global
	GlobalSection(SolutionConfigurationPlatforms) = preSolution
		Debug|Any CPU = Debug|Any CPU
		Release|Any CPU = Release|Any CPU
	EndGlobalSection
	GlobalSection(ProjectConfigurationPlatforms) = postSolution
		{975A0D81-05D7-4716-8C45-DB123DC089F8}.Debug|Any CPU.ActiveCfg = Debug|Any CPU
		{975A0D81-05D7-4716-8C45-DB123DC089F8}.Debug|Any CPU.Build.0 = Debug|Any CPU
		{975A0D81-05D7-4716-8C45-DB123DC089F8}.Release|Any CPU.ActiveCfg = Release|Any CPU
		{975A0D81-05D7-4716-8C45-DB123DC089F8}.Release|Any CPU.Build.0 = Release|Any CPU
	EndGlobalSection
	GlobalSection(SolutionProperties) = preSolution
		HideSolutionNode = FALSE
	EndGlobalSection
	GlobalSection(ExtensibilityGlobals) = postSolution
		SolutionGuid = {89F4AFF6-F17F-45DC-A0E9-6D21A4BBDAF4}
	EndGlobalSection
EndGlobal
